
Microsoft Visual Studio Solution File, Format Version 12.00
# Visual Studio Version 16
VisualStudioVersion = 16.0.29009.5
MinimumVisualStudioVersion = 10.0.40219.1
Project("{9A19103F-16F7-4668-BE54-9A1E7A4F7556}") = "HelloWorld", "HelloWorld\HelloWorld.csproj", "{3870B0FA-336A-49C0-97C2-891BD0F9DB70}"
EndProject
Project("{FAE04EC0-301F-11D3-BF4B-00C04F79EFBC}") = "BatuKertasGuting", "BatuKertasGuting\BatuKertasGuting.csproj", "{876ECAF0-A3E6-44FF-9246-7A37E55B60C2}"
EndProject
Global
	GlobalSection(SolutionConfigurationPlatforms) = preSolution
		Debug|Any CPU = Debug|Any CPU
		Release|Any CPU = Release|Any CPU
	EndGlobalSection
	GlobalSection(ProjectConfigurationPlatforms) = postSolution
		{3870B0FA-336A-49C0-97C2-891BD0F9DB70}.Debug|Any CPU.ActiveCfg = Debug|Any CPU
		{3870B0FA-336A-49C0-97C2-891BD0F9DB70}.Debug|Any CPU.Build.0 = Debug|Any CPU
		{3870B0FA-336A-49C0-97C2-891BD0F9DB70}.Release|Any CPU.ActiveCfg = Release|Any CPU
		{3870B0FA-336A-49C0-97C2-891BD0F9DB70}.Release|Any CPU.Build.0 = Release|Any CPU
		{876ECAF0-A3E6-44FF-9246-7A37E55B60C2}.Debug|Any CPU.ActiveCfg = Debug|Any CPU
		{876ECAF0-A3E6-44FF-9246-7A37E55B60C2}.Debug|Any CPU.Build.0 = Debug|Any CPU
		{876ECAF0-A3E6-44FF-9246-7A37E55B60C2}.Release|Any CPU.ActiveCfg = Release|Any CPU
		{876ECAF0-A3E6-44FF-9246-7A37E55B60C2}.Release|Any CPU.Build.0 = Release|Any CPU
	EndGlobalSection
	GlobalSection(SolutionProperties) = preSolution
		HideSolutionNode = FALSE
	EndGlobalSection
	GlobalSection(ExtensibilityGlobals) = postSolution
		SolutionGuid = {91C1E05E-1A4B-480E-A790-73397648B798}
	EndGlobalSection
EndGlobal
